// !$*UTF8*$!
{
	archiveVersion = 1;
	classes = {
	};
	objectVersion = 46;
	objects = {

/* Begin PBXBuildFile section */
		F64C9F0518566171004F63B7 /* Default-568h@2x.png in Resources */ = {isa = PBXBuildFile; fileRef = F64C9F0418566171004F63B7 /* Default-568h@2x.png */; };
		F64C9F0D1856618E004F63B7 /* Default@2x.png in Resources */ = {isa = PBXBuildFile; fileRef = F64C9F0C1856618E004F63B7 /* Default@2x.png */; };
		F66B5E2018539EA8002D5C43 /* ListTableViewCell.m in Sources */ = {isa = PBXBuildFile; fileRef = F66B5E1F18539EA8002D5C43 /* ListTableViewCell.m */; };
		F66B5E231853AD21002D5C43 /* ItemTableViewCell.m in Sources */ = {isa = PBXBuildFile; fileRef = F66B5E221853AD21002D5C43 /* ItemTableViewCell.m */; };
		F66B5E2A1854F18F002D5C43 /* DataStore.m in Sources */ = {isa = PBXBuildFile; fileRef = F66B5E291854F18F002D5C43 /* DataStore.m */; };
		F66B5E2D185503A1002D5C43 /* AddListViewController.m in Sources */ = {isa = PBXBuildFile; fileRef = F66B5E2C185503A1002D5C43 /* AddListViewController.m */; };
		F66B5E3018552BD1002D5C43 /* AddItemViewController.m in Sources */ = {isa = PBXBuildFile; fileRef = F66B5E2F18552BD1002D5C43 /* AddItemViewController.m */; };
		F66B5EDB1855456D002D5C43 /* ASIAuthenticationDialog.m in Sources */ = {isa = PBXBuildFile; fileRef = F66B5E411855456C002D5C43 /* ASIAuthenticationDialog.m */; settings = {COMPILER_FLAGS = "-fno-objc-arc"; }; };
		F66B5EDC1855456D002D5C43 /* ASIDataCompressor.m in Sources */ = {isa = PBXBuildFile; fileRef = F66B5E441855456C002D5C43 /* ASIDataCompressor.m */; settings = {COMPILER_FLAGS = "-fno-objc-arc"; }; };
		F66B5EDD1855456D002D5C43 /* ASIDataDecompressor.m in Sources */ = {isa = PBXBuildFile; fileRef = F66B5E461855456C002D5C43 /* ASIDataDecompressor.m */; settings = {COMPILER_FLAGS = "-fno-objc-arc"; }; };
		F66B5EDE1855456D002D5C43 /* ASIDownloadCache.m in Sources */ = {isa = PBXBuildFile; fileRef = F66B5E481855456C002D5C43 /* ASIDownloadCache.m */; settings = {COMPILER_FLAGS = "-fno-objc-arc"; }; };
		F66B5EDF1855456D002D5C43 /* ASIFormDataRequest.m in Sources */ = {isa = PBXBuildFile; fileRef = F66B5E4A1855456C002D5C43 /* ASIFormDataRequest.m */; settings = {COMPILER_FLAGS = "-fno-objc-arc"; }; };
		F66B5EE01855456D002D5C43 /* ASIHTTPRequest.m in Sources */ = {isa = PBXBuildFile; fileRef = F66B5E4C1855456C002D5C43 /* ASIHTTPRequest.m */; settings = {COMPILER_FLAGS = "-fno-objc-arc"; }; };
		F66B5EE11855456D002D5C43 /* ASIInputStream.m in Sources */ = {isa = PBXBuildFile; fileRef = F66B5E501855456C002D5C43 /* ASIInputStream.m */; settings = {COMPILER_FLAGS = "-fno-objc-arc"; }; };
		F66B5EE21855456D002D5C43 /* ASINetworkQueue.m in Sources */ = {isa = PBXBuildFile; fileRef = F66B5E521855456C002D5C43 /* ASINetworkQueue.m */; settings = {COMPILER_FLAGS = "-fno-objc-arc"; }; };
		F66B5F021855456D002D5C43 /* Reachability.m in Sources */ = {isa = PBXBuildFile; fileRef = F66B5E981855456C002D5C43 /* Reachability.m */; settings = {COMPILER_FLAGS = "-fno-objc-arc"; }; };
		F66B5F4118555776002D5C43 /* libz.dylib in Frameworks */ = {isa = PBXBuildFile; fileRef = F66B5F4018555776002D5C43 /* libz.dylib */; };
		F68102391852F6E500FAF702 /* SQLiteManager.m in Sources */ = {isa = PBXBuildFile; fileRef = F68102291852F6E500FAF702 /* SQLiteManager.m */; };
		F68102441852F7D600FAF702 /* libsqlite3.dylib in Frameworks */ = {isa = PBXBuildFile; fileRef = F68102431852F7D600FAF702 /* libsqlite3.dylib */; };
		F6A9A4531852CCE4008BE923 /* Foundation.framework in Frameworks */ = {isa = PBXBuildFile; fileRef = F6A9A4521852CCE4008BE923 /* Foundation.framework */; };
		F6A9A4551852CCE4008BE923 /* CoreGraphics.framework in Frameworks */ = {isa = PBXBuildFile; fileRef = F6A9A4541852CCE4008BE923 /* CoreGraphics.framework */; };
		F6A9A4571852CCE4008BE923 /* UIKit.framework in Frameworks */ = {isa = PBXBuildFile; fileRef = F6A9A4561852CCE4008BE923 /* UIKit.framework */; };
		F6A9A45D1852CCE5008BE923 /* InfoPlist.strings in Resources */ = {isa = PBXBuildFile; fileRef = F6A9A45B1852CCE5008BE923 /* InfoPlist.strings */; };
		F6A9A45F1852CCE5008BE923 /* main.m in Sources */ = {isa = PBXBuildFile; fileRef = F6A9A45E1852CCE5008BE923 /* main.m */; };
		F6A9A4631852CCE5008BE923 /* AppDelegate.m in Sources */ = {isa = PBXBuildFile; fileRef = F6A9A4621852CCE5008BE923 /* AppDelegate.m */; };
		F6A9A4661852CCE6008BE923 /* Main.storyboard in Resources */ = {isa = PBXBuildFile; fileRef = F6A9A4641852CCE6008BE923 /* Main.storyboard */; };
		F6A9A4691852CCE6008BE923 /* ListsViewController.m in Sources */ = {isa = PBXBuildFile; fileRef = F6A9A4681852CCE6008BE923 /* ListsViewController.m */; };
		F6A9A4761852CCE6008BE923 /* Foundation.framework in Frameworks */ = {isa = PBXBuildFile; fileRef = F6A9A4521852CCE4008BE923 /* Foundation.framework */; };
		F6A9A4771852CCE6008BE923 /* UIKit.framework in Frameworks */ = {isa = PBXBuildFile; fileRef = F6A9A4561852CCE4008BE923 /* UIKit.framework */; };
		F6A9A48E1852D7F4008BE923 /* SingleListViewController.m in Sources */ = {isa = PBXBuildFile; fileRef = F6A9A48D1852D7F4008BE923 /* SingleListViewController.m */; };
		F6A9A4911852D855008BE923 /* ListManager.m in Sources */ = {isa = PBXBuildFile; fileRef = F6A9A4901852D855008BE923 /* ListManager.m */; };
		F6A9A4941852D8B8008BE923 /* ToDoList.m in Sources */ = {isa = PBXBuildFile; fileRef = F6A9A4931852D8B8008BE923 /* ToDoList.m */; };
		F6A9A4971852D8CC008BE923 /* ToDoItem.m in Sources */ = {isa = PBXBuildFile; fileRef = F6A9A4961852D8CC008BE923 /* ToDoItem.m */; };
		F6A9A49A1852D8F9008BE923 /* LocalDataStore.m in Sources */ = {isa = PBXBuildFile; fileRef = F6A9A4991852D8F9008BE923 /* LocalDataStore.m */; };
		F6A9A49D1852D914008BE923 /* RESTDataStore.m in Sources */ = {isa = PBXBuildFile; fileRef = F6A9A49C1852D914008BE923 /* RESTDataStore.m */; };
/* End PBXBuildFile section */

/* Begin PBXContainerItemProxy section */
		F66B5F281855456F002D5C43 /* PBXContainerItemProxy */ = {
			isa = PBXContainerItemProxy;
			containerPortal = F66B5EC21855456C002D5C43 /* iPhone.xcodeproj */;
			proxyType = 2;
			remoteGlobalIDString = 1D6058910D05DD3D006BFB54;
			remoteInfo = iPhone;
		};
		F66B5F2A1855456F002D5C43 /* PBXContainerItemProxy */ = {
			isa = PBXContainerItemProxy;
			containerPortal = F66B5EC21855456C002D5C43 /* iPhone.xcodeproj */;
			proxyType = 2;
			remoteGlobalIDString = B55B60C70F765BB00064029C;
			remoteInfo = Tests;
		};
		F66B5F2C1855456F002D5C43 /* PBXContainerItemProxy */ = {
			isa = PBXContainerItemProxy;
			containerPortal = F66B5EC21855456C002D5C43 /* iPhone.xcodeproj */;
			proxyType = 2;
			remoteGlobalIDString = B576D72311C7F34D0059B815;
			remoteInfo = iPad;
		};
		F66B5F301855456F002D5C43 /* PBXContainerItemProxy */ = {
			isa = PBXContainerItemProxy;
			containerPortal = F66B5ED11855456C002D5C43 /* Mac.xcodeproj */;
			proxyType = 2;
			remoteGlobalIDString = 8D1107320486CEB800E47090;
			remoteInfo = Mac;
		};
		F66B5F321855456F002D5C43 /* PBXContainerItemProxy */ = {
			isa = PBXContainerItemProxy;
			containerPortal = F66B5ED11855456C002D5C43 /* Mac.xcodeproj */;
			proxyType = 2;
			remoteGlobalIDString = B55B5EDF0F7658C70064029C;
			remoteInfo = "Unit Tests (GHUnit)";
		};
		F68102411852F6E500FAF702 /* PBXContainerItemProxy */ = {
			isa = PBXContainerItemProxy;
			containerPortal = F68102331852F6E500FAF702 /* SQLiteManagerExample.xcodeproj */;
			proxyType = 2;
			remoteGlobalIDString = 1D6058910D05DD3D006BFB54;
			remoteInfo = SQLiteManagerExample;
		};
		F6A9A4781852CCE6008BE923 /* PBXContainerItemProxy */ = {
			isa = PBXContainerItemProxy;
			containerPortal = F6A9A4471852CCE3008BE923 /* Project object */;
			proxyType = 1;
			remoteGlobalIDString = F6A9A44E1852CCE4008BE923;
			remoteInfo = ToDoneIt;
		};
/* End PBXContainerItemProxy section */

/* Begin PBXFileReference section */
		F64C9F0418566171004F63B7 /* Default-568h@2x.png */ = {isa = PBXFileReference; lastKnownFileType = image.png; path = "Default-568h@2x.png"; sourceTree = "<group>"; };
		F64C9F0C1856618E004F63B7 /* Default@2x.png */ = {isa = PBXFileReference; lastKnownFileType = image.png; path = "Default@2x.png"; sourceTree = "<group>"; };
		F66B5E1E18539EA8002D5C43 /* ListTableViewCell.h */ = {isa = PBXFileReference; fileEncoding = 4; lastKnownFileType = sourcecode.c.h; path = ListTableViewCell.h; sourceTree = "<group>"; };
		F66B5E1F18539EA8002D5C43 /* ListTableViewCell.m */ = {isa = PBXFileReference; fileEncoding = 4; lastKnownFileType = sourcecode.c.objc; path = ListTableViewCell.m; sourceTree = "<group>"; };
		F66B5E211853AD21002D5C43 /* ItemTableViewCell.h */ = {isa = PBXFileReference; fileEncoding = 4; lastKnownFileType = sourcecode.c.h; path = ItemTableViewCell.h; sourceTree = "<group>"; };
		F66B5E221853AD21002D5C43 /* ItemTableViewCell.m */ = {isa = PBXFileReference; fileEncoding = 4; lastKnownFileType = sourcecode.c.objc; path = ItemTableViewCell.m; sourceTree = "<group>"; };
		F66B5E281854F18F002D5C43 /* DataStore.h */ = {isa = PBXFileReference; fileEncoding = 4; lastKnownFileType = sourcecode.c.h; path = DataStore.h; sourceTree = "<group>"; };
		F66B5E291854F18F002D5C43 /* DataStore.m */ = {isa = PBXFileReference; fileEncoding = 4; lastKnownFileType = sourcecode.c.objc; path = DataStore.m; sourceTree = "<group>"; };
		F66B5E2B185503A1002D5C43 /* AddListViewController.h */ = {isa = PBXFileReference; fileEncoding = 4; lastKnownFileType = sourcecode.c.h; path = AddListViewController.h; sourceTree = "<group>"; };
		F66B5E2C185503A1002D5C43 /* AddListViewController.m */ = {isa = PBXFileReference; fileEncoding = 4; lastKnownFileType = sourcecode.c.objc; path = AddListViewController.m; sourceTree = "<group>"; };
		F66B5E2E18552BD1002D5C43 /* AddItemViewController.h */ = {isa = PBXFileReference; fileEncoding = 4; lastKnownFileType = sourcecode.c.h; path = AddItemViewController.h; sourceTree = "<group>"; };
		F66B5E2F18552BD1002D5C43 /* AddItemViewController.m */ = {isa = PBXFileReference; fileEncoding = 4; lastKnownFileType = sourcecode.c.objc; path = AddItemViewController.m; sourceTree = "<group>"; };
		F66B5E391855456C002D5C43 /* .gitattributes */ = {isa = PBXFileReference; fileEncoding = 4; lastKnownFileType = text; path = .gitattributes; sourceTree = "<group>"; };
		F66B5E3A1855456C002D5C43 /* .gitignore */ = {isa = PBXFileReference; fileEncoding = 4; lastKnownFileType = text; path = .gitignore; sourceTree = "<group>"; };
		F66B5E3C1855456C002D5C43 /* fetch_ios_ghunit.rb */ = {isa = PBXFileReference; fileEncoding = 4; lastKnownFileType = text.script.ruby; path = fetch_ios_ghunit.rb; sourceTree = "<group>"; };
		F66B5E3D1855456C002D5C43 /* fetch_mac_ghunit.rb */ = {isa = PBXFileReference; fileEncoding = 4; lastKnownFileType = text.script.ruby; path = fetch_mac_ghunit.rb; sourceTree = "<group>"; };
		F66B5E3E1855456C002D5C43 /* set_version_number.rb */ = {isa = PBXFileReference; fileEncoding = 4; lastKnownFileType = text.script.ruby; path = set_version_number.rb; sourceTree = "<group>"; };
		F66B5E401855456C002D5C43 /* ASIAuthenticationDialog.h */ = {isa = PBXFileReference; fileEncoding = 4; lastKnownFileType = sourcecode.c.h; path = ASIAuthenticationDialog.h; sourceTree = "<group>"; };
		F66B5E411855456C002D5C43 /* ASIAuthenticationDialog.m */ = {isa = PBXFileReference; fileEncoding = 4; lastKnownFileType = sourcecode.c.objc; path = ASIAuthenticationDialog.m; sourceTree = "<group>"; };
		F66B5E421855456C002D5C43 /* ASICacheDelegate.h */ = {isa = PBXFileReference; fileEncoding = 4; lastKnownFileType = sourcecode.c.h; path = ASICacheDelegate.h; sourceTree = "<group>"; };
		F66B5E431855456C002D5C43 /* ASIDataCompressor.h */ = {isa = PBXFileReference; fileEncoding = 4; lastKnownFileType = sourcecode.c.h; path = ASIDataCompressor.h; sourceTree = "<group>"; };
		F66B5E441855456C002D5C43 /* ASIDataCompressor.m */ = {isa = PBXFileReference; fileEncoding = 4; lastKnownFileType = sourcecode.c.objc; path = ASIDataCompressor.m; sourceTree = "<group>"; };
		F66B5E451855456C002D5C43 /* ASIDataDecompressor.h */ = {isa = PBXFileReference; fileEncoding = 4; lastKnownFileType = sourcecode.c.h; path = ASIDataDecompressor.h; sourceTree = "<group>"; };
		F66B5E461855456C002D5C43 /* ASIDataDecompressor.m */ = {isa = PBXFileReference; fileEncoding = 4; lastKnownFileType = sourcecode.c.objc; path = ASIDataDecompressor.m; sourceTree = "<group>"; };
		F66B5E471855456C002D5C43 /* ASIDownloadCache.h */ = {isa = PBXFileReference; fileEncoding = 4; lastKnownFileType = sourcecode.c.h; path = ASIDownloadCache.h; sourceTree = "<group>"; };
		F66B5E481855456C002D5C43 /* ASIDownloadCache.m */ = {isa = PBXFileReference; fileEncoding = 4; lastKnownFileType = sourcecode.c.objc; path = ASIDownloadCache.m; sourceTree = "<group>"; };
		F66B5E491855456C002D5C43 /* ASIFormDataRequest.h */ = {isa = PBXFileReference; fileEncoding = 4; lastKnownFileType = sourcecode.c.h; path = ASIFormDataRequest.h; sourceTree = "<group>"; };
		F66B5E4A1855456C002D5C43 /* ASIFormDataRequest.m */ = {isa = PBXFileReference; fileEncoding = 4; lastKnownFileType = sourcecode.c.objc; path = ASIFormDataRequest.m; sourceTree = "<group>"; };
		F66B5E4B1855456C002D5C43 /* ASIHTTPRequest.h */ = {isa = PBXFileReference; fileEncoding = 4; lastKnownFileType = sourcecode.c.h; path = ASIHTTPRequest.h; sourceTree = "<group>"; };
		F66B5E4C1855456C002D5C43 /* ASIHTTPRequest.m */ = {isa = PBXFileReference; fileEncoding = 4; lastKnownFileType = sourcecode.c.objc; path = ASIHTTPRequest.m; sourceTree = "<group>"; };
		F66B5E4D1855456C002D5C43 /* ASIHTTPRequestConfig.h */ = {isa = PBXFileReference; fileEncoding = 4; lastKnownFileType = sourcecode.c.h; path = ASIHTTPRequestConfig.h; sourceTree = "<group>"; };
		F66B5E4E1855456C002D5C43 /* ASIHTTPRequestDelegate.h */ = {isa = PBXFileReference; fileEncoding = 4; lastKnownFileType = sourcecode.c.h; path = ASIHTTPRequestDelegate.h; sourceTree = "<group>"; };
		F66B5E4F1855456C002D5C43 /* ASIInputStream.h */ = {isa = PBXFileReference; fileEncoding = 4; lastKnownFileType = sourcecode.c.h; path = ASIInputStream.h; sourceTree = "<group>"; };
		F66B5E501855456C002D5C43 /* ASIInputStream.m */ = {isa = PBXFileReference; fileEncoding = 4; lastKnownFileType = sourcecode.c.objc; path = ASIInputStream.m; sourceTree = "<group>"; };
		F66B5E511855456C002D5C43 /* ASINetworkQueue.h */ = {isa = PBXFileReference; fileEncoding = 4; lastKnownFileType = sourcecode.c.h; path = ASINetworkQueue.h; sourceTree = "<group>"; };
		F66B5E521855456C002D5C43 /* ASINetworkQueue.m */ = {isa = PBXFileReference; fileEncoding = 4; lastKnownFileType = sourcecode.c.objc; path = ASINetworkQueue.m; sourceTree = "<group>"; };
		F66B5E531855456C002D5C43 /* ASIProgressDelegate.h */ = {isa = PBXFileReference; fileEncoding = 4; lastKnownFileType = sourcecode.c.h; path = ASIProgressDelegate.h; sourceTree = "<group>"; };
		F66B5E551855456C002D5C43 /* ASIWebPageRequest.h */ = {isa = PBXFileReference; fileEncoding = 4; lastKnownFileType = sourcecode.c.h; path = ASIWebPageRequest.h; sourceTree = "<group>"; };
		F66B5E561855456C002D5C43 /* ASIWebPageRequest.m */ = {isa = PBXFileReference; fileEncoding = 4; lastKnownFileType = sourcecode.c.objc; path = ASIWebPageRequest.m; sourceTree = "<group>"; };
		F66B5E581855456C002D5C43 /* ASICloudFilesCDNRequest.h */ = {isa = PBXFileReference; fileEncoding = 4; lastKnownFileType = sourcecode.c.h; path = ASICloudFilesCDNRequest.h; sourceTree = "<group>"; };
		F66B5E591855456C002D5C43 /* ASICloudFilesCDNRequest.m */ = {isa = PBXFileReference; fileEncoding = 4; lastKnownFileType = sourcecode.c.objc; path = ASICloudFilesCDNRequest.m; sourceTree = "<group>"; };
		F66B5E5A1855456C002D5C43 /* ASICloudFilesContainer.h */ = {isa = PBXFileReference; fileEncoding = 4; lastKnownFileType = sourcecode.c.h; path = ASICloudFilesContainer.h; sourceTree = "<group>"; };
		F66B5E5B1855456C002D5C43 /* ASICloudFilesContainer.m */ = {isa = PBXFileReference; fileEncoding = 4; lastKnownFileType = sourcecode.c.objc; path = ASICloudFilesContainer.m; sourceTree = "<group>"; };
		F66B5E5C1855456C002D5C43 /* ASICloudFilesContainerRequest.h */ = {isa = PBXFileReference; fileEncoding = 4; lastKnownFileType = sourcecode.c.h; path = ASICloudFilesContainerRequest.h; sourceTree = "<group>"; };
		F66B5E5D1855456C002D5C43 /* ASICloudFilesContainerRequest.m */ = {isa = PBXFileReference; fileEncoding = 4; lastKnownFileType = sourcecode.c.objc; path = ASICloudFilesContainerRequest.m; sourceTree = "<group>"; };
		F66B5E5E1855456C002D5C43 /* ASICloudFilesContainerXMLParserDelegate.h */ = {isa = PBXFileReference; fileEncoding = 4; lastKnownFileType = sourcecode.c.h; path = ASICloudFilesContainerXMLParserDelegate.h; sourceTree = "<group>"; };
		F66B5E5F1855456C002D5C43 /* ASICloudFilesContainerXMLParserDelegate.m */ = {isa = PBXFileReference; fileEncoding = 4; lastKnownFileType = sourcecode.c.objc; path = ASICloudFilesContainerXMLParserDelegate.m; sourceTree = "<group>"; };
		F66B5E601855456C002D5C43 /* ASICloudFilesObject.h */ = {isa = PBXFileReference; fileEncoding = 4; lastKnownFileType = sourcecode.c.h; path = ASICloudFilesObject.h; sourceTree = "<group>"; };
		F66B5E611855456C002D5C43 /* ASICloudFilesObject.m */ = {isa = PBXFileReference; fileEncoding = 4; lastKnownFileType = sourcecode.c.objc; path = ASICloudFilesObject.m; sourceTree = "<group>"; };
		F66B5E621855456C002D5C43 /* ASICloudFilesObjectRequest.h */ = {isa = PBXFileReference; fileEncoding = 4; lastKnownFileType = sourcecode.c.h; path = ASICloudFilesObjectRequest.h; sourceTree = "<group>"; };
		F66B5E631855456C002D5C43 /* ASICloudFilesObjectRequest.m */ = {isa = PBXFileReference; fileEncoding = 4; lastKnownFileType = sourcecode.c.objc; path = ASICloudFilesObjectRequest.m; sourceTree = "<group>"; };
		F66B5E641855456C002D5C43 /* ASICloudFilesRequest.h */ = {isa = PBXFileReference; fileEncoding = 4; lastKnownFileType = sourcecode.c.h; path = ASICloudFilesRequest.h; sourceTree = "<group>"; };
		F66B5E651855456C002D5C43 /* ASICloudFilesRequest.m */ = {isa = PBXFileReference; fileEncoding = 4; lastKnownFileType = sourcecode.c.objc; path = ASICloudFilesRequest.m; sourceTree = "<group>"; };
		F66B5E671855456C002D5C43 /* ASINSXMLParserCompat.h */ = {isa = PBXFileReference; fileEncoding = 4; lastKnownFileType = sourcecode.c.h; path = ASINSXMLParserCompat.h; sourceTree = "<group>"; };
		F66B5E681855456C002D5C43 /* ASIS3Bucket.h */ = {isa = PBXFileReference; fileEncoding = 4; lastKnownFileType = sourcecode.c.h; path = ASIS3Bucket.h; sourceTree = "<group>"; };
		F66B5E691855456C002D5C43 /* ASIS3Bucket.m */ = {isa = PBXFileReference; fileEncoding = 4; lastKnownFileType = sourcecode.c.objc; path = ASIS3Bucket.m; sourceTree = "<group>"; };
		F66B5E6A1855456C002D5C43 /* ASIS3BucketObject.h */ = {isa = PBXFileReference; fileEncoding = 4; lastKnownFileType = sourcecode.c.h; path = ASIS3BucketObject.h; sourceTree = "<group>"; };
		F66B5E6B1855456C002D5C43 /* ASIS3BucketObject.m */ = {isa = PBXFileReference; fileEncoding = 4; lastKnownFileType = sourcecode.c.objc; path = ASIS3BucketObject.m; sourceTree = "<group>"; };
		F66B5E6C1855456C002D5C43 /* ASIS3BucketRequest.h */ = {isa = PBXFileReference; fileEncoding = 4; lastKnownFileType = sourcecode.c.h; path = ASIS3BucketRequest.h; sourceTree = "<group>"; };
		F66B5E6D1855456C002D5C43 /* ASIS3BucketRequest.m */ = {isa = PBXFileReference; fileEncoding = 4; lastKnownFileType = sourcecode.c.objc; path = ASIS3BucketRequest.m; sourceTree = "<group>"; };
		F66B5E6E1855456C002D5C43 /* ASIS3ObjectRequest.h */ = {isa = PBXFileReference; fileEncoding = 4; lastKnownFileType = sourcecode.c.h; path = ASIS3ObjectRequest.h; sourceTree = "<group>"; };
		F66B5E6F1855456C002D5C43 /* ASIS3ObjectRequest.m */ = {isa = PBXFileReference; fileEncoding = 4; lastKnownFileType = sourcecode.c.objc; path = ASIS3ObjectRequest.m; sourceTree = "<group>"; };
		F66B5E701855456C002D5C43 /* ASIS3Request.h */ = {isa = PBXFileReference; fileEncoding = 4; lastKnownFileType = sourcecode.c.h; path = ASIS3Request.h; sourceTree = "<group>"; };
		F66B5E711855456C002D5C43 /* ASIS3Request.m */ = {isa = PBXFileReference; fileEncoding = 4; lastKnownFileType = sourcecode.c.objc; path = ASIS3Request.m; sourceTree = "<group>"; };
		F66B5E721855456C002D5C43 /* ASIS3ServiceRequest.h */ = {isa = PBXFileReference; fileEncoding = 4; lastKnownFileType = sourcecode.c.h; path = ASIS3ServiceRequest.h; sourceTree = "<group>"; };
		F66B5E731855456C002D5C43 /* ASIS3ServiceRequest.m */ = {isa = PBXFileReference; fileEncoding = 4; lastKnownFileType = sourcecode.c.objc; path = ASIS3ServiceRequest.m; sourceTree = "<group>"; };
		F66B5E751855456C002D5C43 /* ASICloudFilesRequestTests.h */ = {isa = PBXFileReference; fileEncoding = 4; lastKnownFileType = sourcecode.c.h; path = ASICloudFilesRequestTests.h; sourceTree = "<group>"; };
		F66B5E761855456C002D5C43 /* ASICloudFilesRequestTests.m */ = {isa = PBXFileReference; fileEncoding = 4; lastKnownFileType = sourcecode.c.objc; path = ASICloudFilesRequestTests.m; sourceTree = "<group>"; };
		F66B5E771855456C002D5C43 /* ASIDataCompressorTests.h */ = {isa = PBXFileReference; fileEncoding = 4; lastKnownFileType = sourcecode.c.h; path = ASIDataCompressorTests.h; sourceTree = "<group>"; };
		F66B5E781855456C002D5C43 /* ASIDataCompressorTests.m */ = {isa = PBXFileReference; fileEncoding = 4; lastKnownFileType = sourcecode.c.objc; path = ASIDataCompressorTests.m; sourceTree = "<group>"; };
		F66B5E791855456C002D5C43 /* ASIDownloadCacheTests.h */ = {isa = PBXFileReference; fileEncoding = 4; lastKnownFileType = sourcecode.c.h; path = ASIDownloadCacheTests.h; sourceTree = "<group>"; };
		F66B5E7A1855456C002D5C43 /* ASIDownloadCacheTests.m */ = {isa = PBXFileReference; fileEncoding = 4; lastKnownFileType = sourcecode.c.objc; path = ASIDownloadCacheTests.m; sourceTree = "<group>"; };
		F66B5E7B1855456C002D5C43 /* ASIFormDataRequestTests.h */ = {isa = PBXFileReference; fileEncoding = 4; lastKnownFileType = sourcecode.c.h; path = ASIFormDataRequestTests.h; sourceTree = "<group>"; };
		F66B5E7C1855456C002D5C43 /* ASIFormDataRequestTests.m */ = {isa = PBXFileReference; fileEncoding = 4; lastKnownFileType = sourcecode.c.objc; path = ASIFormDataRequestTests.m; sourceTree = "<group>"; };
		F66B5E7D1855456C002D5C43 /* ASIHTTPRequestTests.h */ = {isa = PBXFileReference; fileEncoding = 4; lastKnownFileType = sourcecode.c.h; path = ASIHTTPRequestTests.h; sourceTree = "<group>"; };
		F66B5E7E1855456C002D5C43 /* ASIHTTPRequestTests.m */ = {isa = PBXFileReference; fileEncoding = 4; lastKnownFileType = sourcecode.c.objc; path = ASIHTTPRequestTests.m; sourceTree = "<group>"; };
		F66B5E7F1855456C002D5C43 /* ASINetworkQueueTests.h */ = {isa = PBXFileReference; fileEncoding = 4; lastKnownFileType = sourcecode.c.h; path = ASINetworkQueueTests.h; sourceTree = "<group>"; };
		F66B5E801855456C002D5C43 /* ASINetworkQueueTests.m */ = {isa = PBXFileReference; fileEncoding = 4; lastKnownFileType = sourcecode.c.objc; path = ASINetworkQueueTests.m; sourceTree = "<group>"; };
		F66B5E811855456C002D5C43 /* ASIS3RequestTests.h */ = {isa = PBXFileReference; fileEncoding = 4; lastKnownFileType = sourcecode.c.h; path = ASIS3RequestTests.h; sourceTree = "<group>"; };
		F66B5E821855456C002D5C43 /* ASIS3RequestTests.m */ = {isa = PBXFileReference; fileEncoding = 4; lastKnownFileType = sourcecode.c.objc; path = ASIS3RequestTests.m; sourceTree = "<group>"; };
		F66B5E831855456C002D5C43 /* ASITestCase.h */ = {isa = PBXFileReference; fileEncoding = 4; lastKnownFileType = sourcecode.c.h; path = ASITestCase.h; sourceTree = "<group>"; };
		F66B5E841855456C002D5C43 /* ASITestCase.m */ = {isa = PBXFileReference; fileEncoding = 4; lastKnownFileType = sourcecode.c.objc; path = ASITestCase.m; sourceTree = "<group>"; };
		F66B5E851855456C002D5C43 /* ASIWebPageRequestTests.h */ = {isa = PBXFileReference; fileEncoding = 4; lastKnownFileType = sourcecode.c.h; path = ASIWebPageRequestTests.h; sourceTree = "<group>"; };
		F66B5E861855456C002D5C43 /* ASIWebPageRequestTests.m */ = {isa = PBXFileReference; fileEncoding = 4; lastKnownFileType = sourcecode.c.objc; path = ASIWebPageRequestTests.m; sourceTree = "<group>"; };
		F66B5E871855456C002D5C43 /* BlocksTests.h */ = {isa = PBXFileReference; fileEncoding = 4; lastKnownFileType = sourcecode.c.h; path = BlocksTests.h; sourceTree = "<group>"; };
		F66B5E881855456C002D5C43 /* BlocksTests.m */ = {isa = PBXFileReference; fileEncoding = 4; lastKnownFileType = sourcecode.c.objc; path = BlocksTests.m; sourceTree = "<group>"; };
		F66B5E891855456C002D5C43 /* ClientCertificateTests.h */ = {isa = PBXFileReference; fileEncoding = 4; lastKnownFileType = sourcecode.c.h; path = ClientCertificateTests.h; sourceTree = "<group>"; };
		F66B5E8A1855456C002D5C43 /* ClientCertificateTests.m */ = {isa = PBXFileReference; fileEncoding = 4; lastKnownFileType = sourcecode.c.objc; path = ClientCertificateTests.m; sourceTree = "<group>"; };
		F66B5E8B1855456C002D5C43 /* GHUnitTestMain.m */ = {isa = PBXFileReference; fileEncoding = 4; lastKnownFileType = sourcecode.c.objc; path = GHUnitTestMain.m; sourceTree = "<group>"; };
		F66B5E8C1855456C002D5C43 /* PerformanceTests.h */ = {isa = PBXFileReference; fileEncoding = 4; lastKnownFileType = sourcecode.c.h; path = PerformanceTests.h; sourceTree = "<group>"; };
		F66B5E8D1855456C002D5C43 /* PerformanceTests.m */ = {isa = PBXFileReference; fileEncoding = 4; lastKnownFileType = sourcecode.c.objc; path = PerformanceTests.m; sourceTree = "<group>"; };
		F66B5E8E1855456C002D5C43 /* ProxyTests.h */ = {isa = PBXFileReference; fileEncoding = 4; lastKnownFileType = sourcecode.c.h; path = ProxyTests.h; sourceTree = "<group>"; };
		F66B5E8F1855456C002D5C43 /* ProxyTests.m */ = {isa = PBXFileReference; fileEncoding = 4; lastKnownFileType = sourcecode.c.objc; path = ProxyTests.m; sourceTree = "<group>"; };
		F66B5E901855456C002D5C43 /* StressTests.h */ = {isa = PBXFileReference; fileEncoding = 4; lastKnownFileType = sourcecode.c.h; path = StressTests.h; sourceTree = "<group>"; };
		F66B5E911855456C002D5C43 /* StressTests.m */ = {isa = PBXFileReference; fileEncoding = 4; lastKnownFileType = sourcecode.c.objc; path = StressTests.m; sourceTree = "<group>"; };
		F66B5E921855456C002D5C43 /* DONORS */ = {isa = PBXFileReference; fileEncoding = 4; lastKnownFileType = text; path = DONORS; sourceTree = "<group>"; };
		F66B5E951855456C002D5C43 /* README-GHUnit */ = {isa = PBXFileReference; fileEncoding = 4; lastKnownFileType = text; path = "README-GHUnit"; sourceTree = "<group>"; };
		F66B5E971855456C002D5C43 /* Reachability.h */ = {isa = PBXFileReference; fileEncoding = 4; lastKnownFileType = sourcecode.c.h; path = Reachability.h; sourceTree = "<group>"; };
		F66B5E981855456C002D5C43 /* Reachability.m */ = {isa = PBXFileReference; fileEncoding = 4; lastKnownFileType = sourcecode.c.objc; path = Reachability.m; sourceTree = "<group>"; };
		F66B5E9A1855456C002D5C43 /* AuthenticationViewController.h */ = {isa = PBXFileReference; fileEncoding = 4; lastKnownFileType = sourcecode.c.h; path = AuthenticationViewController.h; sourceTree = "<group>"; };
		F66B5E9B1855456C002D5C43 /* AuthenticationViewController.m */ = {isa = PBXFileReference; fileEncoding = 4; lastKnownFileType = sourcecode.c.objc; path = AuthenticationViewController.m; sourceTree = "<group>"; };
		F66B5E9C1855456C002D5C43 /* DetailCell.h */ = {isa = PBXFileReference; fileEncoding = 4; lastKnownFileType = sourcecode.c.h; path = DetailCell.h; sourceTree = "<group>"; };
		F66B5E9D1855456C002D5C43 /* DetailCell.m */ = {isa = PBXFileReference; fileEncoding = 4; lastKnownFileType = sourcecode.c.objc; path = DetailCell.m; sourceTree = "<group>"; };
		F66B5E9E1855456C002D5C43 /* GHUnitIOSTestMain.m */ = {isa = PBXFileReference; fileEncoding = 4; lastKnownFileType = sourcecode.c.objc; path = GHUnitIOSTestMain.m; sourceTree = "<group>"; };
		F66B5E9F1855456C002D5C43 /* InfoCell.h */ = {isa = PBXFileReference; fileEncoding = 4; lastKnownFileType = sourcecode.c.h; path = InfoCell.h; sourceTree = "<group>"; };
		F66B5EA01855456C002D5C43 /* InfoCell.m */ = {isa = PBXFileReference; fileEncoding = 4; lastKnownFileType = sourcecode.c.objc; path = InfoCell.m; sourceTree = "<group>"; };
		F66B5EA11855456C002D5C43 /* iPadInfo.plist */ = {isa = PBXFileReference; fileEncoding = 4; lastKnownFileType = text.plist.xml; path = iPadInfo.plist; sourceTree = "<group>"; };
		F66B5EA21855456C002D5C43 /* iPadSampleAppDelegate.h */ = {isa = PBXFileReference; fileEncoding = 4; lastKnownFileType = sourcecode.c.h; path = iPadSampleAppDelegate.h; sourceTree = "<group>"; };
		F66B5EA31855456C002D5C43 /* iPadSampleAppDelegate.m */ = {isa = PBXFileReference; fileEncoding = 4; lastKnownFileType = sourcecode.c.objc; path = iPadSampleAppDelegate.m; sourceTree = "<group>"; };
		F66B5EA41855456C002D5C43 /* iphone-icon.png */ = {isa = PBXFileReference; lastKnownFileType = image.png; path = "iphone-icon.png"; sourceTree = "<group>"; };
		F66B5EA51855456C002D5C43 /* iphone-tests-icon.png */ = {isa = PBXFileReference; lastKnownFileType = image.png; path = "iphone-tests-icon.png"; sourceTree = "<group>"; };
		F66B5EA61855456C002D5C43 /* iPhone_Prefix.pch */ = {isa = PBXFileReference; fileEncoding = 4; lastKnownFileType = sourcecode.c.h; path = iPhone_Prefix.pch; sourceTree = "<group>"; };
		F66B5EA71855456C002D5C43 /* iPhoneInfo.plist */ = {isa = PBXFileReference; fileEncoding = 4; lastKnownFileType = text.plist.xml; path = iPhoneInfo.plist; sourceTree = "<group>"; };
		F66B5EA81855456C002D5C43 /* iPhoneSampleAppDelegate.h */ = {isa = PBXFileReference; fileEncoding = 4; lastKnownFileType = sourcecode.c.h; path = iPhoneSampleAppDelegate.h; sourceTree = "<group>"; };
		F66B5EA91855456C002D5C43 /* iPhoneSampleAppDelegate.m */ = {isa = PBXFileReference; fileEncoding = 4; lastKnownFileType = sourcecode.c.objc; path = iPhoneSampleAppDelegate.m; sourceTree = "<group>"; };
		F66B5EAA1855456C002D5C43 /* main.m */ = {isa = PBXFileReference; fileEncoding = 4; lastKnownFileType = sourcecode.c.objc; path = main.m; sourceTree = "<group>"; };
		F66B5EAB1855456C002D5C43 /* QueueViewController.h */ = {isa = PBXFileReference; fileEncoding = 4; lastKnownFileType = sourcecode.c.h; path = QueueViewController.h; sourceTree = "<group>"; };
		F66B5EAC1855456C002D5C43 /* QueueViewController.m */ = {isa = PBXFileReference; fileEncoding = 4; lastKnownFileType = sourcecode.c.objc; path = QueueViewController.m; sourceTree = "<group>"; };
		F66B5EAD1855456C002D5C43 /* RequestProgressCell.h */ = {isa = PBXFileReference; fileEncoding = 4; lastKnownFileType = sourcecode.c.h; path = RequestProgressCell.h; sourceTree = "<group>"; };
		F66B5EAE1855456C002D5C43 /* RequestProgressCell.m */ = {isa = PBXFileReference; fileEncoding = 4; lastKnownFileType = sourcecode.c.objc; path = RequestProgressCell.m; sourceTree = "<group>"; };
		F66B5EB01855456C002D5C43 /* client.p12 */ = {isa = PBXFileReference; lastKnownFileType = file; path = client.p12; sourceTree = "<group>"; };
		F66B5EB11855456C002D5C43 /* info.png */ = {isa = PBXFileReference; lastKnownFileType = image.png; path = info.png; sourceTree = "<group>"; };
		F66B5EB21855456C002D5C43 /* iPadMainWindow.xib */ = {isa = PBXFileReference; fileEncoding = 4; lastKnownFileType = file.xib; path = iPadMainWindow.xib; sourceTree = "<group>"; };
		F66B5EB31855456C002D5C43 /* iPhoneMainWindow.xib */ = {isa = PBXFileReference; fileEncoding = 4; lastKnownFileType = file.xib; path = iPhoneMainWindow.xib; sourceTree = "<group>"; };
		F66B5EB41855456C002D5C43 /* Sample.xib */ = {isa = PBXFileReference; fileEncoding = 4; lastKnownFileType = file.xib; path = Sample.xib; sourceTree = "<group>"; };
		F66B5EB51855456C002D5C43 /* RootViewController.h */ = {isa = PBXFileReference; fileEncoding = 4; lastKnownFileType = sourcecode.c.h; path = RootViewController.h; sourceTree = "<group>"; };
		F66B5EB61855456C002D5C43 /* RootViewController.m */ = {isa = PBXFileReference; fileEncoding = 4; lastKnownFileType = sourcecode.c.objc; path = RootViewController.m; sourceTree = "<group>"; };
		F66B5EB71855456C002D5C43 /* SampleViewController.h */ = {isa = PBXFileReference; fileEncoding = 4; lastKnownFileType = sourcecode.c.h; path = SampleViewController.h; sourceTree = "<group>"; };
		F66B5EB81855456C002D5C43 /* SampleViewController.m */ = {isa = PBXFileReference; fileEncoding = 4; lastKnownFileType = sourcecode.c.objc; path = SampleViewController.m; sourceTree = "<group>"; };
		F66B5EB91855456C002D5C43 /* SynchronousViewController.h */ = {isa = PBXFileReference; fileEncoding = 4; lastKnownFileType = sourcecode.c.h; path = SynchronousViewController.h; sourceTree = "<group>"; };
		F66B5EBA1855456C002D5C43 /* SynchronousViewController.m */ = {isa = PBXFileReference; fileEncoding = 4; lastKnownFileType = sourcecode.c.objc; path = SynchronousViewController.m; sourceTree = "<group>"; };
		F66B5EBB1855456C002D5C43 /* Tests-Info.plist */ = {isa = PBXFileReference; fileEncoding = 4; lastKnownFileType = text.plist.xml; path = "Tests-Info.plist"; sourceTree = "<group>"; };
		F66B5EBC1855456C002D5C43 /* ToggleCell.h */ = {isa = PBXFileReference; fileEncoding = 4; lastKnownFileType = sourcecode.c.h; path = ToggleCell.h; sourceTree = "<group>"; };
		F66B5EBD1855456C002D5C43 /* ToggleCell.m */ = {isa = PBXFileReference; fileEncoding = 4; lastKnownFileType = sourcecode.c.objc; path = ToggleCell.m; sourceTree = "<group>"; };
		F66B5EBE1855456C002D5C43 /* UploadViewController.h */ = {isa = PBXFileReference; fileEncoding = 4; lastKnownFileType = sourcecode.c.h; path = UploadViewController.h; sourceTree = "<group>"; };
		F66B5EBF1855456C002D5C43 /* UploadViewController.m */ = {isa = PBXFileReference; fileEncoding = 4; lastKnownFileType = sourcecode.c.objc; path = UploadViewController.m; sourceTree = "<group>"; };
		F66B5EC01855456C002D5C43 /* WebPageViewController.h */ = {isa = PBXFileReference; fileEncoding = 4; lastKnownFileType = sourcecode.c.h; path = WebPageViewController.h; sourceTree = "<group>"; };
		F66B5EC11855456C002D5C43 /* WebPageViewController.m */ = {isa = PBXFileReference; fileEncoding = 4; lastKnownFileType = sourcecode.c.objc; path = WebPageViewController.m; sourceTree = "<group>"; };
		F66B5EC21855456C002D5C43 /* iPhone.xcodeproj */ = {isa = PBXFileReference; lastKnownFileType = "wrapper.pb-project"; path = iPhone.xcodeproj; sourceTree = "<group>"; };
		F66B5EC51855456C002D5C43 /* LICENSE */ = {isa = PBXFileReference; fileEncoding = 4; lastKnownFileType = text; path = LICENSE; sourceTree = "<group>"; };
		F66B5EC71855456C002D5C43 /* AppDelegate.h */ = {isa = PBXFileReference; fileEncoding = 4; lastKnownFileType = sourcecode.c.h; path = AppDelegate.h; sourceTree = "<group>"; };
		F66B5EC81855456C002D5C43 /* AppDelegate.m */ = {isa = PBXFileReference; fileEncoding = 4; lastKnownFileType = sourcecode.c.objc; path = AppDelegate.m; sourceTree = "<group>"; };
		F66B5ECA1855456C002D5C43 /* English */ = {isa = PBXFileReference; lastKnownFileType = text.plist.strings; name = English; path = English.lproj/InfoPlist.strings; sourceTree = "<group>"; };
		F66B5ECC1855456C002D5C43 /* English */ = {isa = PBXFileReference; lastKnownFileType = file.xib; name = English; path = English.lproj/MainMenu.xib; sourceTree = "<group>"; };
		F66B5ECD1855456C002D5C43 /* Info.plist */ = {isa = PBXFileReference; fileEncoding = 4; lastKnownFileType = text.plist.xml; path = Info.plist; sourceTree = "<group>"; };
		F66B5ECE1855456C002D5C43 /* Mac_Prefix.pch */ = {isa = PBXFileReference; fileEncoding = 4; lastKnownFileType = sourcecode.c.h; path = Mac_Prefix.pch; sourceTree = "<group>"; };
		F66B5ECF1855456C002D5C43 /* main.m */ = {isa = PBXFileReference; fileEncoding = 4; lastKnownFileType = sourcecode.c.objc; path = main.m; sourceTree = "<group>"; };
		F66B5ED01855456C002D5C43 /* Tests-Info.plist */ = {isa = PBXFileReference; fileEncoding = 4; lastKnownFileType = text.plist.xml; path = "Tests-Info.plist"; sourceTree = "<group>"; };
		F66B5ED11855456C002D5C43 /* Mac.xcodeproj */ = {isa = PBXFileReference; lastKnownFileType = "wrapper.pb-project"; path = Mac.xcodeproj; sourceTree = "<group>"; };
		F66B5ED41855456D002D5C43 /* README.textile */ = {isa = PBXFileReference; fileEncoding = 4; lastKnownFileType = text; path = README.textile; sourceTree = "<group>"; };
		F66B5ED51855456D002D5C43 /* strict.xcconfig */ = {isa = PBXFileReference; fileEncoding = 4; lastKnownFileType = text.xcconfig; path = strict.xcconfig; sourceTree = "<group>"; };
		F66B5F4018555776002D5C43 /* libz.dylib */ = {isa = PBXFileReference; lastKnownFileType = "compiled.mach-o.dylib"; name = libz.dylib; path = usr/lib/libz.dylib; sourceTree = SDKROOT; };
		F68102271852F6E500FAF702 /* README */ = {isa = PBXFileReference; fileEncoding = 4; lastKnownFileType = text; path = README; sourceTree = "<group>"; };
		F68102281852F6E500FAF702 /* SQLiteManager.h */ = {isa = PBXFileReference; fileEncoding = 4; lastKnownFileType = sourcecode.c.h; path = SQLiteManager.h; sourceTree = "<group>"; };
		F68102291852F6E500FAF702 /* SQLiteManager.m */ = {isa = PBXFileReference; fileEncoding = 4; lastKnownFileType = sourcecode.c.objc; path = SQLiteManager.m; sourceTree = "<group>"; };
		F681022C1852F6E500FAF702 /* UntitledAppDelegate.h */ = {isa = PBXFileReference; fileEncoding = 4; lastKnownFileType = sourcecode.c.h; path = UntitledAppDelegate.h; sourceTree = "<group>"; };
		F681022D1852F6E500FAF702 /* UntitledAppDelegate.m */ = {isa = PBXFileReference; fileEncoding = 4; lastKnownFileType = sourcecode.c.objc; path = UntitledAppDelegate.m; sourceTree = "<group>"; };
		F681022E1852F6E500FAF702 /* UntitledViewController.h */ = {isa = PBXFileReference; fileEncoding = 4; lastKnownFileType = sourcecode.c.h; path = UntitledViewController.h; sourceTree = "<group>"; };
		F681022F1852F6E500FAF702 /* UntitledViewController.m */ = {isa = PBXFileReference; fileEncoding = 4; lastKnownFileType = sourcecode.c.objc; path = UntitledViewController.m; sourceTree = "<group>"; };
		F68102301852F6E500FAF702 /* main.m */ = {isa = PBXFileReference; fileEncoding = 4; lastKnownFileType = sourcecode.c.objc; path = main.m; sourceTree = "<group>"; };
		F68102311852F6E500FAF702 /* MainWindow.xib */ = {isa = PBXFileReference; fileEncoding = 4; lastKnownFileType = file.xib; path = MainWindow.xib; sourceTree = "<group>"; };
		F68102321852F6E500FAF702 /* SQLiteManagerExample-Info.plist */ = {isa = PBXFileReference; fileEncoding = 4; lastKnownFileType = text.plist.xml; path = "SQLiteManagerExample-Info.plist"; sourceTree = "<group>"; };
		F68102331852F6E500FAF702 /* SQLiteManagerExample.xcodeproj */ = {isa = PBXFileReference; lastKnownFileType = "wrapper.pb-project"; path = SQLiteManagerExample.xcodeproj; sourceTree = "<group>"; };
		F68102361852F6E500FAF702 /* SQLiteManagerExample_Prefix.pch */ = {isa = PBXFileReference; fileEncoding = 4; lastKnownFileType = sourcecode.c.h; path = SQLiteManagerExample_Prefix.pch; sourceTree = "<group>"; };
		F68102371852F6E500FAF702 /* UntitledViewController.xib */ = {isa = PBXFileReference; fileEncoding = 4; lastKnownFileType = file.xib; path = UntitledViewController.xib; sourceTree = "<group>"; };
		F68102431852F7D600FAF702 /* libsqlite3.dylib */ = {isa = PBXFileReference; lastKnownFileType = "compiled.mach-o.dylib"; name = libsqlite3.dylib; path = usr/lib/libsqlite3.dylib; sourceTree = SDKROOT; };
		F6A9A44F1852CCE4008BE923 /* ToDoneIt.app */ = {isa = PBXFileReference; explicitFileType = wrapper.application; includeInIndex = 0; path = ToDoneIt.app; sourceTree = BUILT_PRODUCTS_DIR; };
		F6A9A4521852CCE4008BE923 /* Foundation.framework */ = {isa = PBXFileReference; lastKnownFileType = wrapper.framework; name = Foundation.framework; path = System/Library/Frameworks/Foundation.framework; sourceTree = SDKROOT; };
		F6A9A4541852CCE4008BE923 /* CoreGraphics.framework */ = {isa = PBXFileReference; lastKnownFileType = wrapper.framework; name = CoreGraphics.framework; path = System/Library/Frameworks/CoreGraphics.framework; sourceTree = SDKROOT; };
		F6A9A4561852CCE4008BE923 /* UIKit.framework */ = {isa = PBXFileReference; lastKnownFileType = wrapper.framework; name = UIKit.framework; path = System/Library/Frameworks/UIKit.framework; sourceTree = SDKROOT; };
		F6A9A45A1852CCE5008BE923 /* ToDoneIt-Info.plist */ = {isa = PBXFileReference; lastKnownFileType = text.plist.xml; path = "ToDoneIt-Info.plist"; sourceTree = "<group>"; };
		F6A9A45C1852CCE5008BE923 /* en */ = {isa = PBXFileReference; lastKnownFileType = text.plist.strings; name = en; path = en.lproj/InfoPlist.strings; sourceTree = "<group>"; };
		F6A9A45E1852CCE5008BE923 /* main.m */ = {isa = PBXFileReference; lastKnownFileType = sourcecode.c.objc; path = main.m; sourceTree = "<group>"; };
		F6A9A4601852CCE5008BE923 /* ToDoneIt-Prefix.pch */ = {isa = PBXFileReference; lastKnownFileType = sourcecode.c.h; path = "ToDoneIt-Prefix.pch"; sourceTree = "<group>"; };
		F6A9A4611852CCE5008BE923 /* AppDelegate.h */ = {isa = PBXFileReference; lastKnownFileType = sourcecode.c.h; path = AppDelegate.h; sourceTree = "<group>"; };
		F6A9A4621852CCE5008BE923 /* AppDelegate.m */ = {isa = PBXFileReference; lastKnownFileType = sourcecode.c.objc; path = AppDelegate.m; sourceTree = "<group>"; };
		F6A9A4651852CCE6008BE923 /* Base */ = {isa = PBXFileReference; lastKnownFileType = file.storyboard; name = Base; path = Base.lproj/Main.storyboard; sourceTree = "<group>"; };
		F6A9A4671852CCE6008BE923 /* ListsViewController.h */ = {isa = PBXFileReference; lastKnownFileType = sourcecode.c.h; path = ListsViewController.h; sourceTree = "<group>"; };
		F6A9A4681852CCE6008BE923 /* ListsViewController.m */ = {isa = PBXFileReference; lastKnownFileType = sourcecode.c.objc; path = ListsViewController.m; sourceTree = "<group>"; };
		F6A9A46D1852CCE6008BE923 /* Images.xcassets */ = {isa = PBXFileReference; lastKnownFileType = folder.assetcatalog; path = Images.xcassets; sourceTree = "<group>"; };
		F6A9A4731852CCE6008BE923 /* ToDoneItTests.xctest */ = {isa = PBXFileReference; explicitFileType = wrapper.cfbundle; includeInIndex = 0; path = ToDoneItTests.xctest; sourceTree = BUILT_PRODUCTS_DIR; };
		F6A9A48C1852D7F4008BE923 /* SingleListViewController.h */ = {isa = PBXFileReference; fileEncoding = 4; lastKnownFileType = sourcecode.c.h; path = SingleListViewController.h; sourceTree = "<group>"; };
		F6A9A48D1852D7F4008BE923 /* SingleListViewController.m */ = {isa = PBXFileReference; fileEncoding = 4; lastKnownFileType = sourcecode.c.objc; path = SingleListViewController.m; sourceTree = "<group>"; };
		F6A9A48F1852D855008BE923 /* ListManager.h */ = {isa = PBXFileReference; fileEncoding = 4; lastKnownFileType = sourcecode.c.h; path = ListManager.h; sourceTree = "<group>"; };
		F6A9A4901852D855008BE923 /* ListManager.m */ = {isa = PBXFileReference; fileEncoding = 4; lastKnownFileType = sourcecode.c.objc; path = ListManager.m; sourceTree = "<group>"; };
		F6A9A4921852D8B8008BE923 /* ToDoList.h */ = {isa = PBXFileReference; fileEncoding = 4; lastKnownFileType = sourcecode.c.h; path = ToDoList.h; sourceTree = "<group>"; };
		F6A9A4931852D8B8008BE923 /* ToDoList.m */ = {isa = PBXFileReference; fileEncoding = 4; lastKnownFileType = sourcecode.c.objc; path = ToDoList.m; sourceTree = "<group>"; };
		F6A9A4951852D8CC008BE923 /* ToDoItem.h */ = {isa = PBXFileReference; fileEncoding = 4; lastKnownFileType = sourcecode.c.h; path = ToDoItem.h; sourceTree = "<group>"; };
		F6A9A4961852D8CC008BE923 /* ToDoItem.m */ = {isa = PBXFileReference; fileEncoding = 4; lastKnownFileType = sourcecode.c.objc; path = ToDoItem.m; sourceTree = "<group>"; };
		F6A9A4981852D8F9008BE923 /* LocalDataStore.h */ = {isa = PBXFileReference; fileEncoding = 4; lastKnownFileType = sourcecode.c.h; path = LocalDataStore.h; sourceTree = "<group>"; };
		F6A9A4991852D8F9008BE923 /* LocalDataStore.m */ = {isa = PBXFileReference; fileEncoding = 4; lastKnownFileType = sourcecode.c.objc; path = LocalDataStore.m; sourceTree = "<group>"; };
		F6A9A49B1852D914008BE923 /* RESTDataStore.h */ = {isa = PBXFileReference; fileEncoding = 4; lastKnownFileType = sourcecode.c.h; path = RESTDataStore.h; sourceTree = "<group>"; };
		F6A9A49C1852D914008BE923 /* RESTDataStore.m */ = {isa = PBXFileReference; fileEncoding = 4; lastKnownFileType = sourcecode.c.objc; path = RESTDataStore.m; sourceTree = "<group>"; };
/* End PBXFileReference section */

/* Begin PBXFrameworksBuildPhase section */
		F6A9A44C1852CCE4008BE923 /* Frameworks */ = {
			isa = PBXFrameworksBuildPhase;
			buildActionMask = 2147483647;
			files = (
				F66B5F4118555776002D5C43 /* libz.dylib in Frameworks */,
				F68102441852F7D600FAF702 /* libsqlite3.dylib in Frameworks */,
				F6A9A4551852CCE4008BE923 /* CoreGraphics.framework in Frameworks */,
				F6A9A4571852CCE4008BE923 /* UIKit.framework in Frameworks */,
				F6A9A4531852CCE4008BE923 /* Foundation.framework in Frameworks */,
			);
			runOnlyForDeploymentPostprocessing = 0;
		};
		F6A9A4701852CCE6008BE923 /* Frameworks */ = {
			isa = PBXFrameworksBuildPhase;
			buildActionMask = 2147483647;
			files = (
				F6A9A4771852CCE6008BE923 /* UIKit.framework in Frameworks */,
				F6A9A4761852CCE6008BE923 /* Foundation.framework in Frameworks */,
			);
			runOnlyForDeploymentPostprocessing = 0;
		};
/* End PBXFrameworksBuildPhase section */

/* Begin PBXGroup section */
		F66B5E1C18539E6E002D5C43 /* Views */ = {
			isa = PBXGroup;
			children = (
				F66B5E1E18539EA8002D5C43 /* ListTableViewCell.h */,
				F66B5E1F18539EA8002D5C43 /* ListTableViewCell.m */,
				F66B5E211853AD21002D5C43 /* ItemTableViewCell.h */,
				F66B5E221853AD21002D5C43 /* ItemTableViewCell.m */,
			);
			path = Views;
			sourceTree = "<group>";
		};
		F66B5E381855456C002D5C43 /* ASIHTTPRequest */ = {
			isa = PBXGroup;
			children = (
				F66B5E391855456C002D5C43 /* .gitattributes */,
				F66B5E3A1855456C002D5C43 /* .gitignore */,
				F66B5E3B1855456C002D5C43 /* Build Scripts */,
				F66B5E3F1855456C002D5C43 /* Classes */,
				F66B5E921855456C002D5C43 /* DONORS */,
				F66B5E931855456C002D5C43 /* External */,
				F66B5E991855456C002D5C43 /* iPhone Sample */,
				F66B5EC21855456C002D5C43 /* iPhone.xcodeproj */,
				F66B5EC51855456C002D5C43 /* LICENSE */,
				F66B5EC61855456C002D5C43 /* Mac Sample */,
				F66B5ED11855456C002D5C43 /* Mac.xcodeproj */,
				F66B5ED41855456D002D5C43 /* README.textile */,
				F66B5ED51855456D002D5C43 /* strict.xcconfig */,
			);
			path = ASIHTTPRequest;
			sourceTree = "<group>";
		};
		F66B5E3B1855456C002D5C43 /* Build Scripts */ = {
			isa = PBXGroup;
			children = (
				F66B5E3C1855456C002D5C43 /* fetch_ios_ghunit.rb */,
				F66B5E3D1855456C002D5C43 /* fetch_mac_ghunit.rb */,
				F66B5E3E1855456C002D5C43 /* set_version_number.rb */,
			);
			path = "Build Scripts";
			sourceTree = "<group>";
		};
		F66B5E3F1855456C002D5C43 /* Classes */ = {
			isa = PBXGroup;
			children = (
				F66B5E401855456C002D5C43 /* ASIAuthenticationDialog.h */,
				F66B5E411855456C002D5C43 /* ASIAuthenticationDialog.m */,
				F66B5E421855456C002D5C43 /* ASICacheDelegate.h */,
				F66B5E431855456C002D5C43 /* ASIDataCompressor.h */,
				F66B5E441855456C002D5C43 /* ASIDataCompressor.m */,
				F66B5E451855456C002D5C43 /* ASIDataDecompressor.h */,
				F66B5E461855456C002D5C43 /* ASIDataDecompressor.m */,
				F66B5E471855456C002D5C43 /* ASIDownloadCache.h */,
				F66B5E481855456C002D5C43 /* ASIDownloadCache.m */,
				F66B5E491855456C002D5C43 /* ASIFormDataRequest.h */,
				F66B5E4A1855456C002D5C43 /* ASIFormDataRequest.m */,
				F66B5E4B1855456C002D5C43 /* ASIHTTPRequest.h */,
				F66B5E4C1855456C002D5C43 /* ASIHTTPRequest.m */,
				F66B5E4D1855456C002D5C43 /* ASIHTTPRequestConfig.h */,
				F66B5E4E1855456C002D5C43 /* ASIHTTPRequestDelegate.h */,
				F66B5E4F1855456C002D5C43 /* ASIInputStream.h */,
				F66B5E501855456C002D5C43 /* ASIInputStream.m */,
				F66B5E511855456C002D5C43 /* ASINetworkQueue.h */,
				F66B5E521855456C002D5C43 /* ASINetworkQueue.m */,
				F66B5E531855456C002D5C43 /* ASIProgressDelegate.h */,
				F66B5E541855456C002D5C43 /* ASIWebPageRequest */,
				F66B5E571855456C002D5C43 /* CloudFiles */,
				F66B5E661855456C002D5C43 /* S3 */,
				F66B5E741855456C002D5C43 /* Tests */,
			);
			path = Classes;
			sourceTree = "<group>";
		};
		F66B5E541855456C002D5C43 /* ASIWebPageRequest */ = {
			isa = PBXGroup;
			children = (
				F66B5E551855456C002D5C43 /* ASIWebPageRequest.h */,
				F66B5E561855456C002D5C43 /* ASIWebPageRequest.m */,
			);
			path = ASIWebPageRequest;
			sourceTree = "<group>";
		};
		F66B5E571855456C002D5C43 /* CloudFiles */ = {
			isa = PBXGroup;
			children = (
				F66B5E581855456C002D5C43 /* ASICloudFilesCDNRequest.h */,
				F66B5E591855456C002D5C43 /* ASICloudFilesCDNRequest.m */,
				F66B5E5A1855456C002D5C43 /* ASICloudFilesContainer.h */,
				F66B5E5B1855456C002D5C43 /* ASICloudFilesContainer.m */,
				F66B5E5C1855456C002D5C43 /* ASICloudFilesContainerRequest.h */,
				F66B5E5D1855456C002D5C43 /* ASICloudFilesContainerRequest.m */,
				F66B5E5E1855456C002D5C43 /* ASICloudFilesContainerXMLParserDelegate.h */,
				F66B5E5F1855456C002D5C43 /* ASICloudFilesContainerXMLParserDelegate.m */,
				F66B5E601855456C002D5C43 /* ASICloudFilesObject.h */,
				F66B5E611855456C002D5C43 /* ASICloudFilesObject.m */,
				F66B5E621855456C002D5C43 /* ASICloudFilesObjectRequest.h */,
				F66B5E631855456C002D5C43 /* ASICloudFilesObjectRequest.m */,
				F66B5E641855456C002D5C43 /* ASICloudFilesRequest.h */,
				F66B5E651855456C002D5C43 /* ASICloudFilesRequest.m */,
			);
			path = CloudFiles;
			sourceTree = "<group>";
		};
		F66B5E661855456C002D5C43 /* S3 */ = {
			isa = PBXGroup;
			children = (
				F66B5E671855456C002D5C43 /* ASINSXMLParserCompat.h */,
				F66B5E681855456C002D5C43 /* ASIS3Bucket.h */,
				F66B5E691855456C002D5C43 /* ASIS3Bucket.m */,
				F66B5E6A1855456C002D5C43 /* ASIS3BucketObject.h */,
				F66B5E6B1855456C002D5C43 /* ASIS3BucketObject.m */,
				F66B5E6C1855456C002D5C43 /* ASIS3BucketRequest.h */,
				F66B5E6D1855456C002D5C43 /* ASIS3BucketRequest.m */,
				F66B5E6E1855456C002D5C43 /* ASIS3ObjectRequest.h */,
				F66B5E6F1855456C002D5C43 /* ASIS3ObjectRequest.m */,
				F66B5E701855456C002D5C43 /* ASIS3Request.h */,
				F66B5E711855456C002D5C43 /* ASIS3Request.m */,
				F66B5E721855456C002D5C43 /* ASIS3ServiceRequest.h */,
				F66B5E731855456C002D5C43 /* ASIS3ServiceRequest.m */,
			);
			path = S3;
			sourceTree = "<group>";
		};
		F66B5E741855456C002D5C43 /* Tests */ = {
			isa = PBXGroup;
			children = (
				F66B5E751855456C002D5C43 /* ASICloudFilesRequestTests.h */,
				F66B5E761855456C002D5C43 /* ASICloudFilesRequestTests.m */,
				F66B5E771855456C002D5C43 /* ASIDataCompressorTests.h */,
				F66B5E781855456C002D5C43 /* ASIDataCompressorTests.m */,
				F66B5E791855456C002D5C43 /* ASIDownloadCacheTests.h */,
				F66B5E7A1855456C002D5C43 /* ASIDownloadCacheTests.m */,
				F66B5E7B1855456C002D5C43 /* ASIFormDataRequestTests.h */,
				F66B5E7C1855456C002D5C43 /* ASIFormDataRequestTests.m */,
				F66B5E7D1855456C002D5C43 /* ASIHTTPRequestTests.h */,
				F66B5E7E1855456C002D5C43 /* ASIHTTPRequestTests.m */,
				F66B5E7F1855456C002D5C43 /* ASINetworkQueueTests.h */,
				F66B5E801855456C002D5C43 /* ASINetworkQueueTests.m */,
				F66B5E811855456C002D5C43 /* ASIS3RequestTests.h */,
				F66B5E821855456C002D5C43 /* ASIS3RequestTests.m */,
				F66B5E831855456C002D5C43 /* ASITestCase.h */,
				F66B5E841855456C002D5C43 /* ASITestCase.m */,
				F66B5E851855456C002D5C43 /* ASIWebPageRequestTests.h */,
				F66B5E861855456C002D5C43 /* ASIWebPageRequestTests.m */,
				F66B5E871855456C002D5C43 /* BlocksTests.h */,
				F66B5E881855456C002D5C43 /* BlocksTests.m */,
				F66B5E891855456C002D5C43 /* ClientCertificateTests.h */,
				F66B5E8A1855456C002D5C43 /* ClientCertificateTests.m */,
				F66B5E8B1855456C002D5C43 /* GHUnitTestMain.m */,
				F66B5E8C1855456C002D5C43 /* PerformanceTests.h */,
				F66B5E8D1855456C002D5C43 /* PerformanceTests.m */,
				F66B5E8E1855456C002D5C43 /* ProxyTests.h */,
				F66B5E8F1855456C002D5C43 /* ProxyTests.m */,
				F66B5E901855456C002D5C43 /* StressTests.h */,
				F66B5E911855456C002D5C43 /* StressTests.m */,
			);
			path = Tests;
			sourceTree = "<group>";
		};
		F66B5E931855456C002D5C43 /* External */ = {
			isa = PBXGroup;
			children = (
				F66B5E941855456C002D5C43 /* GHUnit */,
				F66B5E961855456C002D5C43 /* Reachability */,
			);
			path = External;
			sourceTree = "<group>";
		};
		F66B5E941855456C002D5C43 /* GHUnit */ = {
			isa = PBXGroup;
			children = (
				F66B5E951855456C002D5C43 /* README-GHUnit */,
			);
			path = GHUnit;
			sourceTree = "<group>";
		};
		F66B5E961855456C002D5C43 /* Reachability */ = {
			isa = PBXGroup;
			children = (
				F66B5E971855456C002D5C43 /* Reachability.h */,
				F66B5E981855456C002D5C43 /* Reachability.m */,
			);
			path = Reachability;
			sourceTree = "<group>";
		};
		F66B5E991855456C002D5C43 /* iPhone Sample */ = {
			isa = PBXGroup;
			children = (
				F66B5E9A1855456C002D5C43 /* AuthenticationViewController.h */,
				F66B5E9B1855456C002D5C43 /* AuthenticationViewController.m */,
				F66B5E9C1855456C002D5C43 /* DetailCell.h */,
				F66B5E9D1855456C002D5C43 /* DetailCell.m */,
				F66B5E9E1855456C002D5C43 /* GHUnitIOSTestMain.m */,
				F66B5E9F1855456C002D5C43 /* InfoCell.h */,
				F66B5EA01855456C002D5C43 /* InfoCell.m */,
				F66B5EA11855456C002D5C43 /* iPadInfo.plist */,
				F66B5EA21855456C002D5C43 /* iPadSampleAppDelegate.h */,
				F66B5EA31855456C002D5C43 /* iPadSampleAppDelegate.m */,
				F66B5EA41855456C002D5C43 /* iphone-icon.png */,
				F66B5EA51855456C002D5C43 /* iphone-tests-icon.png */,
				F66B5EA61855456C002D5C43 /* iPhone_Prefix.pch */,
				F66B5EA71855456C002D5C43 /* iPhoneInfo.plist */,
				F66B5EA81855456C002D5C43 /* iPhoneSampleAppDelegate.h */,
				F66B5EA91855456C002D5C43 /* iPhoneSampleAppDelegate.m */,
				F66B5EAA1855456C002D5C43 /* main.m */,
				F66B5EAB1855456C002D5C43 /* QueueViewController.h */,
				F66B5EAC1855456C002D5C43 /* QueueViewController.m */,
				F66B5EAD1855456C002D5C43 /* RequestProgressCell.h */,
				F66B5EAE1855456C002D5C43 /* RequestProgressCell.m */,
				F66B5EAF1855456C002D5C43 /* Resources */,
				F66B5EB51855456C002D5C43 /* RootViewController.h */,
				F66B5EB61855456C002D5C43 /* RootViewController.m */,
				F66B5EB71855456C002D5C43 /* SampleViewController.h */,
				F66B5EB81855456C002D5C43 /* SampleViewController.m */,
				F66B5EB91855456C002D5C43 /* SynchronousViewController.h */,
				F66B5EBA1855456C002D5C43 /* SynchronousViewController.m */,
				F66B5EBB1855456C002D5C43 /* Tests-Info.plist */,
				F66B5EBC1855456C002D5C43 /* ToggleCell.h */,
				F66B5EBD1855456C002D5C43 /* ToggleCell.m */,
				F66B5EBE1855456C002D5C43 /* UploadViewController.h */,
				F66B5EBF1855456C002D5C43 /* UploadViewController.m */,
				F66B5EC01855456C002D5C43 /* WebPageViewController.h */,
				F66B5EC11855456C002D5C43 /* WebPageViewController.m */,
			);
			path = "iPhone Sample";
			sourceTree = "<group>";
		};
		F66B5EAF1855456C002D5C43 /* Resources */ = {
			isa = PBXGroup;
			children = (
				F66B5EB01855456C002D5C43 /* client.p12 */,
				F66B5EB11855456C002D5C43 /* info.png */,
				F66B5EB21855456C002D5C43 /* iPadMainWindow.xib */,
				F66B5EB31855456C002D5C43 /* iPhoneMainWindow.xib */,
				F66B5EB41855456C002D5C43 /* Sample.xib */,
			);
			path = Resources;
			sourceTree = "<group>";
		};
		F66B5EC31855456C002D5C43 /* Products */ = {
			isa = PBXGroup;
			children = (
				F66B5F291855456F002D5C43 /* ASIHTTPRequest iPhone.app */,
				F66B5F2B1855456F002D5C43 /* Tests.app */,
				F66B5F2D1855456F002D5C43 /* ASIHTTPRequest iPad.app */,
			);
			name = Products;
			sourceTree = "<group>";
		};
		F66B5EC61855456C002D5C43 /* Mac Sample */ = {
			isa = PBXGroup;
			children = (
				F66B5EC71855456C002D5C43 /* AppDelegate.h */,
				F66B5EC81855456C002D5C43 /* AppDelegate.m */,
				F66B5EC91855456C002D5C43 /* InfoPlist.strings */,
				F66B5ECB1855456C002D5C43 /* MainMenu.xib */,
				F66B5ECD1855456C002D5C43 /* Info.plist */,
				F66B5ECE1855456C002D5C43 /* Mac_Prefix.pch */,
				F66B5ECF1855456C002D5C43 /* main.m */,
				F66B5ED01855456C002D5C43 /* Tests-Info.plist */,
			);
			path = "Mac Sample";
			sourceTree = "<group>";
		};
		F66B5ED21855456C002D5C43 /* Products */ = {
			isa = PBXGroup;
			children = (
				F66B5F311855456F002D5C43 /* Mac.app */,
				F66B5F331855456F002D5C43 /* Unit Tests (GHUnit).app */,
			);
			name = Products;
			sourceTree = "<group>";
		};
		F68102261852F6E500FAF702 /* SQLiteManager */ = {
			isa = PBXGroup;
			children = (
				F68102271852F6E500FAF702 /* README */,
				F68102281852F6E500FAF702 /* SQLiteManager.h */,
				F68102291852F6E500FAF702 /* SQLiteManager.m */,
				F681022A1852F6E500FAF702 /* SQLiteManagerExample */,
			);
			path = SQLiteManager;
			sourceTree = "<group>";
		};
		F681022A1852F6E500FAF702 /* SQLiteManagerExample */ = {
			isa = PBXGroup;
			children = (
				F681022B1852F6E500FAF702 /* Classes */,
				F68102301852F6E500FAF702 /* main.m */,
				F68102311852F6E500FAF702 /* MainWindow.xib */,
				F68102321852F6E500FAF702 /* SQLiteManagerExample-Info.plist */,
				F68102331852F6E500FAF702 /* SQLiteManagerExample.xcodeproj */,
				F68102361852F6E500FAF702 /* SQLiteManagerExample_Prefix.pch */,
				F68102371852F6E500FAF702 /* UntitledViewController.xib */,
			);
			path = SQLiteManagerExample;
			sourceTree = "<group>";
		};
		F681022B1852F6E500FAF702 /* Classes */ = {
			isa = PBXGroup;
			children = (
				F681022C1852F6E500FAF702 /* UntitledAppDelegate.h */,
				F681022D1852F6E500FAF702 /* UntitledAppDelegate.m */,
				F681022E1852F6E500FAF702 /* UntitledViewController.h */,
				F681022F1852F6E500FAF702 /* UntitledViewController.m */,
			);
			path = Classes;
			sourceTree = "<group>";
		};
		F68102341852F6E500FAF702 /* Products */ = {
			isa = PBXGroup;
			children = (
				F68102421852F6E500FAF702 /* SQLiteManagerExample.app */,
			);
			name = Products;
			sourceTree = "<group>";
		};
		F6A9A4461852CCE3008BE923 = {
			isa = PBXGroup;
			children = (
				F66B5E381855456C002D5C43 /* ASIHTTPRequest */,
				F68102261852F6E500FAF702 /* SQLiteManager */,
				F6A9A4581852CCE4008BE923 /* ToDoneIt */,
				F6A9A4511852CCE4008BE923 /* Frameworks */,
				F6A9A4501852CCE4008BE923 /* Products */,
			);
			sourceTree = "<group>";
		};
		F6A9A4501852CCE4008BE923 /* Products */ = {
			isa = PBXGroup;
			children = (
				F6A9A44F1852CCE4008BE923 /* ToDoneIt.app */,
				F6A9A4731852CCE6008BE923 /* ToDoneItTests.xctest */,
			);
			name = Products;
			sourceTree = "<group>";
		};
		F6A9A4511852CCE4008BE923 /* Frameworks */ = {
			isa = PBXGroup;
			children = (
				F66B5F4018555776002D5C43 /* libz.dylib */,
				F68102431852F7D600FAF702 /* libsqlite3.dylib */,
				F6A9A4521852CCE4008BE923 /* Foundation.framework */,
				F6A9A4541852CCE4008BE923 /* CoreGraphics.framework */,
				F6A9A4561852CCE4008BE923 /* UIKit.framework */,
			);
			name = Frameworks;
			sourceTree = "<group>";
		};
		F6A9A4581852CCE4008BE923 /* ToDoneIt */ = {
			isa = PBXGroup;
			children = (
				F66B5E1C18539E6E002D5C43 /* Views */,
				F6A9A48B1852CE78008BE923 /* ViewControllers */,
				F6A9A48A1852CE66008BE923 /* Model */,
				F6A9A4611852CCE5008BE923 /* AppDelegate.h */,
				F6A9A4621852CCE5008BE923 /* AppDelegate.m */,
				F64C9F0C1856618E004F63B7 /* Default@2x.png */,
				F64C9F0418566171004F63B7 /* Default-568h@2x.png */,
				F6A9A4641852CCE6008BE923 /* Main.storyboard */,
				F6A9A46D1852CCE6008BE923 /* Images.xcassets */,
				F6A9A4591852CCE5008BE923 /* Supporting Files */,
			);
			path = ToDoneIt;
			sourceTree = "<group>";
		};
		F6A9A4591852CCE5008BE923 /* Supporting Files */ = {
			isa = PBXGroup;
			children = (
				F6A9A45A1852CCE5008BE923 /* ToDoneIt-Info.plist */,
				F6A9A45B1852CCE5008BE923 /* InfoPlist.strings */,
				F6A9A45E1852CCE5008BE923 /* main.m */,
				F6A9A4601852CCE5008BE923 /* ToDoneIt-Prefix.pch */,
			);
			name = "Supporting Files";
			sourceTree = "<group>";
		};
		F6A9A48A1852CE66008BE923 /* Model */ = {
			isa = PBXGroup;
			children = (
				F6A9A48F1852D855008BE923 /* ListManager.h */,
				F6A9A4901852D855008BE923 /* ListManager.m */,
				F6A9A4921852D8B8008BE923 /* ToDoList.h */,
				F6A9A4931852D8B8008BE923 /* ToDoList.m */,
				F6A9A4951852D8CC008BE923 /* ToDoItem.h */,
				F6A9A4961852D8CC008BE923 /* ToDoItem.m */,
				F6A9A4981852D8F9008BE923 /* LocalDataStore.h */,
				F6A9A4991852D8F9008BE923 /* LocalDataStore.m */,
				F6A9A49B1852D914008BE923 /* RESTDataStore.h */,
				F6A9A49C1852D914008BE923 /* RESTDataStore.m */,
				F66B5E281854F18F002D5C43 /* DataStore.h */,
				F66B5E291854F18F002D5C43 /* DataStore.m */,
			);
			path = Model;
			sourceTree = "<group>";
		};
		F6A9A48B1852CE78008BE923 /* ViewControllers */ = {
			isa = PBXGroup;
			children = (
				F6A9A4671852CCE6008BE923 /* ListsViewController.h */,
				F6A9A4681852CCE6008BE923 /* ListsViewController.m */,
				F6A9A48C1852D7F4008BE923 /* SingleListViewController.h */,
				F6A9A48D1852D7F4008BE923 /* SingleListViewController.m */,
				F66B5E2B185503A1002D5C43 /* AddListViewController.h */,
				F66B5E2C185503A1002D5C43 /* AddListViewController.m */,
				F66B5E2E18552BD1002D5C43 /* AddItemViewController.h */,
				F66B5E2F18552BD1002D5C43 /* AddItemViewController.m */,
			);
			path = ViewControllers;
			sourceTree = "<group>";
		};
/* End PBXGroup section */

/* Begin PBXNativeTarget section */
		F6A9A44E1852CCE4008BE923 /* ToDoneIt */ = {
			isa = PBXNativeTarget;
			buildConfigurationList = F6A9A4841852CCE6008BE923 /* Build configuration list for PBXNativeTarget "ToDoneIt" */;
			buildPhases = (
				F6A9A44B1852CCE4008BE923 /* Sources */,
				F6A9A44C1852CCE4008BE923 /* Frameworks */,
				F6A9A44D1852CCE4008BE923 /* Resources */,
			);
			buildRules = (
			);
			dependencies = (
			);
			name = ToDoneIt;
			productName = ToDoneIt;
			productReference = F6A9A44F1852CCE4008BE923 /* ToDoneIt.app */;
			productType = "com.apple.product-type.application";
		};
		F6A9A4721852CCE6008BE923 /* ToDoneItTests */ = {
			isa = PBXNativeTarget;
			buildConfigurationList = F6A9A4871852CCE6008BE923 /* Build configuration list for PBXNativeTarget "ToDoneItTests" */;
			buildPhases = (
				F6A9A46F1852CCE6008BE923 /* Sources */,
				F6A9A4701852CCE6008BE923 /* Frameworks */,
				F6A9A4711852CCE6008BE923 /* Resources */,
			);
			buildRules = (
			);
			dependencies = (
				F6A9A4791852CCE6008BE923 /* PBXTargetDependency */,
			);
			name = ToDoneItTests;
			productName = ToDoneItTests;
			productReference = F6A9A4731852CCE6008BE923 /* ToDoneItTests.xctest */;
			productType = "com.apple.product-type.bundle.unit-test";
		};
/* End PBXNativeTarget section */

/* Begin PBXProject section */
		F6A9A4471852CCE3008BE923 /* Project object */ = {
			isa = PBXProject;
			attributes = {
				LastUpgradeCheck = 0500;
				ORGANIZATIONNAME = "Don Messerli";
				TargetAttributes = {
					F6A9A4721852CCE6008BE923 = {
						TestTargetID = F6A9A44E1852CCE4008BE923;
					};
				};
			};
			buildConfigurationList = F6A9A44A1852CCE3008BE923 /* Build configuration list for PBXProject "ToDoneIt" */;
			compatibilityVersion = "Xcode 3.2";
			developmentRegion = English;
			hasScannedForEncodings = 0;
			knownRegions = (
				en,
				Base,
				English,
			);
			mainGroup = F6A9A4461852CCE3008BE923;
			productRefGroup = F6A9A4501852CCE4008BE923 /* Products */;
			projectDirPath = "";
			projectReferences = (
				{
					ProductGroup = F66B5EC31855456C002D5C43 /* Products */;
					ProjectRef = F66B5EC21855456C002D5C43 /* iPhone.xcodeproj */;
				},
				{
					ProductGroup = F66B5ED21855456C002D5C43 /* Products */;
					ProjectRef = F66B5ED11855456C002D5C43 /* Mac.xcodeproj */;
				},
				{
					ProductGroup = F68102341852F6E500FAF702 /* Products */;
					ProjectRef = F68102331852F6E500FAF702 /* SQLiteManagerExample.xcodeproj */;
				},
			);
			projectRoot = "";
			targets = (
				F6A9A44E1852CCE4008BE923 /* ToDoneIt */,
				F6A9A4721852CCE6008BE923 /* ToDoneItTests */,
			);
		};
/* End PBXProject section */

/* Begin PBXReferenceProxy section */
		F66B5F291855456F002D5C43 /* ASIHTTPRequest iPhone.app */ = {
			isa = PBXReferenceProxy;
			fileType = wrapper.application;
			path = "ASIHTTPRequest iPhone.app";
			remoteRef = F66B5F281855456F002D5C43 /* PBXContainerItemProxy */;
			sourceTree = BUILT_PRODUCTS_DIR;
		};
		F66B5F2B1855456F002D5C43 /* Tests.app */ = {
			isa = PBXReferenceProxy;
			fileType = wrapper.application;
			path = Tests.app;
			remoteRef = F66B5F2A1855456F002D5C43 /* PBXContainerItemProxy */;
			sourceTree = BUILT_PRODUCTS_DIR;
		};
		F66B5F2D1855456F002D5C43 /* ASIHTTPRequest iPad.app */ = {
			isa = PBXReferenceProxy;
			fileType = wrapper.application;
			path = "ASIHTTPRequest iPad.app";
			remoteRef = F66B5F2C1855456F002D5C43 /* PBXContainerItemProxy */;
			sourceTree = BUILT_PRODUCTS_DIR;
		};
		F66B5F311855456F002D5C43 /* Mac.app */ = {
			isa = PBXReferenceProxy;
			fileType = wrapper.application;
			path = Mac.app;
			remoteRef = F66B5F301855456F002D5C43 /* PBXContainerItemProxy */;
			sourceTree = BUILT_PRODUCTS_DIR;
		};
		F66B5F331855456F002D5C43 /* Unit Tests (GHUnit).app */ = {
			isa = PBXReferenceProxy;
			fileType = wrapper.application;
			path = "Unit Tests (GHUnit).app";
			remoteRef = F66B5F321855456F002D5C43 /* PBXContainerItemProxy */;
			sourceTree = BUILT_PRODUCTS_DIR;
		};
		F68102421852F6E500FAF702 /* SQLiteManagerExample.app */ = {
			isa = PBXReferenceProxy;
			fileType = wrapper.application;
			path = SQLiteManagerExample.app;
			remoteRef = F68102411852F6E500FAF702 /* PBXContainerItemProxy */;
			sourceTree = BUILT_PRODUCTS_DIR;
		};
/* End PBXReferenceProxy section */

/* Begin PBXResourcesBuildPhase section */
		F6A9A44D1852CCE4008BE923 /* Resources */ = {
			isa = PBXResourcesBuildPhase;
			buildActionMask = 2147483647;
			files = (
				F64C9F0D1856618E004F63B7 /* Default@2x.png in Resources */,
				F6A9A45D1852CCE5008BE923 /* InfoPlist.strings in Resources */,
				F6A9A4661852CCE6008BE923 /* Main.storyboard in Resources */,
				F64C9F0518566171004F63B7 /* Default-568h@2x.png in Resources */,
			);
			runOnlyForDeploymentPostprocessing = 0;
		};
		F6A9A4711852CCE6008BE923 /* Resources */ = {
			isa = PBXResourcesBuildPhase;
			buildActionMask = 2147483647;
			files = (
			);
			runOnlyForDeploymentPostprocessing = 0;
		};
/* End PBXResourcesBuildPhase section */

/* Begin PBXSourcesBuildPhase section */
		F6A9A44B1852CCE4008BE923 /* Sources */ = {
			isa = PBXSourcesBuildPhase;
			buildActionMask = 2147483647;
			files = (
				F66B5E231853AD21002D5C43 /* ItemTableViewCell.m in Sources */,
				F6A9A4631852CCE5008BE923 /* AppDelegate.m in Sources */,
				F66B5E2D185503A1002D5C43 /* AddListViewController.m in Sources */,
				F66B5E2018539EA8002D5C43 /* ListTableViewCell.m in Sources */,
				F6A9A4691852CCE6008BE923 /* ListsViewController.m in Sources */,
				F66B5F021855456D002D5C43 /* Reachability.m in Sources */,
				F66B5EDC1855456D002D5C43 /* ASIDataCompressor.m in Sources */,
				F6A9A4971852D8CC008BE923 /* ToDoItem.m in Sources */,
				F6A9A49A1852D8F9008BE923 /* LocalDataStore.m in Sources */,
				F66B5EDF1855456D002D5C43 /* ASIFormDataRequest.m in Sources */,
				F66B5EDD1855456D002D5C43 /* ASIDataDecompressor.m in Sources */,
				F6A9A48E1852D7F4008BE923 /* SingleListViewController.m in Sources */,
				F66B5E2A1854F18F002D5C43 /* DataStore.m in Sources */,
				F66B5EE01855456D002D5C43 /* ASIHTTPRequest.m in Sources */,
				F68102391852F6E500FAF702 /* SQLiteManager.m in Sources */,
				F6A9A49D1852D914008BE923 /* RESTDataStore.m in Sources */,
				F66B5EDB1855456D002D5C43 /* ASIAuthenticationDialog.m in Sources */,
				F6A9A4941852D8B8008BE923 /* ToDoList.m in Sources */,
				F6A9A4911852D855008BE923 /* ListManager.m in Sources */,
				F66B5EE11855456D002D5C43 /* ASIInputStream.m in Sources */,
				F66B5E3018552BD1002D5C43 /* AddItemViewController.m in Sources */,
				F6A9A45F1852CCE5008BE923 /* main.m in Sources */,
				F66B5EDE1855456D002D5C43 /* ASIDownloadCache.m in Sources */,
				F66B5EE21855456D002D5C43 /* ASINetworkQueue.m in Sources */,
			);
			runOnlyForDeploymentPostprocessing = 0;
		};
		F6A9A46F1852CCE6008BE923 /* Sources */ = {
			isa = PBXSourcesBuildPhase;
			buildActionMask = 2147483647;
			files = (
			);
			runOnlyForDeploymentPostprocessing = 0;
		};
/* End PBXSourcesBuildPhase section */

/* Begin PBXTargetDependency section */
		F6A9A4791852CCE6008BE923 /* PBXTargetDependency */ = {
			isa = PBXTargetDependency;
			target = F6A9A44E1852CCE4008BE923 /* ToDoneIt */;
			targetProxy = F6A9A4781852CCE6008BE923 /* PBXContainerItemProxy */;
		};
/* End PBXTargetDependency section */

/* Begin PBXVariantGroup section */
		F66B5EC91855456C002D5C43 /* InfoPlist.strings */ = {
			isa = PBXVariantGroup;
			children = (
				F66B5ECA1855456C002D5C43 /* English */,
			);
			name = InfoPlist.strings;
			sourceTree = "<group>";
		};
		F66B5ECB1855456C002D5C43 /* MainMenu.xib */ = {
			isa = PBXVariantGroup;
			children = (
				F66B5ECC1855456C002D5C43 /* English */,
			);
			name = MainMenu.xib;
			sourceTree = "<group>";
		};
		F6A9A45B1852CCE5008BE923 /* InfoPlist.strings */ = {
			isa = PBXVariantGroup;
			children = (
				F6A9A45C1852CCE5008BE923 /* en */,
			);
			name = InfoPlist.strings;
			sourceTree = "<group>";
		};
		F6A9A4641852CCE6008BE923 /* Main.storyboard */ = {
			isa = PBXVariantGroup;
			children = (
				F6A9A4651852CCE6008BE923 /* Base */,
			);
			name = Main.storyboard;
			sourceTree = "<group>";
		};
/* End PBXVariantGroup section */

/* Begin XCBuildConfiguration section */
		F6A9A4821852CCE6008BE923 /* Debug */ = {
			isa = XCBuildConfiguration;
			buildSettings = {
				ALWAYS_SEARCH_USER_PATHS = NO;
				ARCHS = "$(ARCHS_STANDARD_INCLUDING_64_BIT)";
				CLANG_CXX_LANGUAGE_STANDARD = "gnu++0x";
				CLANG_CXX_LIBRARY = "libc++";
				CLANG_ENABLE_MODULES = YES;
				CLANG_ENABLE_OBJC_ARC = YES;
				CLANG_WARN_BOOL_CONVERSION = YES;
				CLANG_WARN_CONSTANT_CONVERSION = YES;
				CLANG_WARN_DIRECT_OBJC_ISA_USAGE = YES_ERROR;
				CLANG_WARN_EMPTY_BODY = YES;
				CLANG_WARN_ENUM_CONVERSION = YES;
				CLANG_WARN_INT_CONVERSION = YES;
				CLANG_WARN_OBJC_ROOT_CLASS = YES_ERROR;
				CLANG_WARN__DUPLICATE_METHOD_MATCH = YES;
				"CODE_SIGN_IDENTITY[sdk=iphoneos*]" = "iPhone Developer";
				COPY_PHASE_STRIP = NO;
				GCC_C_LANGUAGE_STANDARD = gnu99;
				GCC_DYNAMIC_NO_PIC = NO;
				GCC_OPTIMIZATION_LEVEL = 0;
				GCC_PREPROCESSOR_DEFINITIONS = (
					"DEBUG=1",
					"$(inherited)",
				);
				GCC_SYMBOLS_PRIVATE_EXTERN = NO;
				GCC_WARN_64_TO_32_BIT_CONVERSION = YES;
				GCC_WARN_ABOUT_RETURN_TYPE = YES_ERROR;
				GCC_WARN_UNDECLARED_SELECTOR = YES;
				GCC_WARN_UNINITIALIZED_AUTOS = YES;
				GCC_WARN_UNUSED_FUNCTION = YES;
				GCC_WARN_UNUSED_VARIABLE = YES;
				IPHONEOS_DEPLOYMENT_TARGET = 7.0;
				ONLY_ACTIVE_ARCH = YES;
				SDKROOT = iphoneos;
			};
			name = Debug;
		};
		F6A9A4831852CCE6008BE923 /* Release */ = {
			isa = XCBuildConfiguration;
			buildSettings = {
				ALWAYS_SEARCH_USER_PATHS = NO;
				ARCHS = "$(ARCHS_STANDARD_INCLUDING_64_BIT)";
				CLANG_CXX_LANGUAGE_STANDARD = "gnu++0x";
				CLANG_CXX_LIBRARY = "libc++";
				CLANG_ENABLE_MODULES = YES;
				CLANG_ENABLE_OBJC_ARC = YES;
				CLANG_WARN_BOOL_CONVERSION = YES;
				CLANG_WARN_CONSTANT_CONVERSION = YES;
				CLANG_WARN_DIRECT_OBJC_ISA_USAGE = YES_ERROR;
				CLANG_WARN_EMPTY_BODY = YES;
				CLANG_WARN_ENUM_CONVERSION = YES;
				CLANG_WARN_INT_CONVERSION = YES;
				CLANG_WARN_OBJC_ROOT_CLASS = YES_ERROR;
				CLANG_WARN__DUPLICATE_METHOD_MATCH = YES;
				"CODE_SIGN_IDENTITY[sdk=iphoneos*]" = "iPhone Developer";
				COPY_PHASE_STRIP = YES;
				ENABLE_NS_ASSERTIONS = NO;
				GCC_C_LANGUAGE_STANDARD = gnu99;
				GCC_WARN_64_TO_32_BIT_CONVERSION = YES;
				GCC_WARN_ABOUT_RETURN_TYPE = YES_ERROR;
				GCC_WARN_UNDECLARED_SELECTOR = YES;
				GCC_WARN_UNINITIALIZED_AUTOS = YES;
				GCC_WARN_UNUSED_FUNCTION = YES;
				GCC_WARN_UNUSED_VARIABLE = YES;
				IPHONEOS_DEPLOYMENT_TARGET = 7.0;
				SDKROOT = iphoneos;
				VALIDATE_PRODUCT = YES;
			};
			name = Release;
		};
		F6A9A4851852CCE6008BE923 /* Debug */ = {
			isa = XCBuildConfiguration;
			buildSettings = {
				ASSETCATALOG_COMPILER_APPICON_NAME = AppIcon;
				ASSETCATALOG_COMPILER_LAUNCHIMAGE_NAME = LaunchImage;
				GCC_PRECOMPILE_PREFIX_HEADER = YES;
				GCC_PREFIX_HEADER = "ToDoneIt/ToDoneIt-Prefix.pch";
				INFOPLIST_FILE = "ToDoneIt/ToDoneIt-Info.plist";
				IPHONEOS_DEPLOYMENT_TARGET = 6.1;
				PRODUCT_NAME = "$(TARGET_NAME)";
				WRAPPER_EXTENSION = app;
			};
			name = Debug;
		};
		F6A9A4861852CCE6008BE923 /* Release */ = {
			isa = XCBuildConfiguration;
			buildSettings = {
				ASSETCATALOG_COMPILER_APPICON_NAME = AppIcon;
				ASSETCATALOG_COMPILER_LAUNCHIMAGE_NAME = LaunchImage;
				GCC_PRECOMPILE_PREFIX_HEADER = YES;
				GCC_PREFIX_HEADER = "ToDoneIt/ToDoneIt-Prefix.pch";
				INFOPLIST_FILE = "ToDoneIt/ToDoneIt-Info.plist";
				IPHONEOS_DEPLOYMENT_TARGET = 6.1;
				PRODUCT_NAME = "$(TARGET_NAME)";
				WRAPPER_EXTENSION = app;
			};
			name = Release;
		};
		F6A9A4881852CCE6008BE923 /* Debug */ = {
			isa = XCBuildConfiguration;
			buildSettings = {
				ARCHS = "$(ARCHS_STANDARD_INCLUDING_64_BIT)";
				BUNDLE_LOADER = "$(BUILT_PRODUCTS_DIR)/ToDoneIt.app/ToDoneIt";
				FRAMEWORK_SEARCH_PATHS = (
					"$(SDKROOT)/Developer/Library/Frameworks",
					"$(inherited)",
					"$(DEVELOPER_FRAMEWORKS_DIR)",
				);
				GCC_PRECOMPILE_PREFIX_HEADER = YES;
				GCC_PREFIX_HEADER = "ToDoneIt/ToDoneIt-Prefix.pch";
				GCC_PREPROCESSOR_DEFINITIONS = (
					"DEBUG=1",
					"$(inherited)",
				);
				INFOPLIST_FILE = "ToDoneItTests/ToDoneItTests-Info.plist";
				PRODUCT_NAME = "$(TARGET_NAME)";
				TEST_HOST = "$(BUNDLE_LOADER)";
				WRAPPER_EXTENSION = xctest;
			};
			name = Debug;
		};
		F6A9A4891852CCE6008BE923 /* Release */ = {
			isa = XCBuildConfiguration;
			buildSettings = {
				ARCHS = "$(ARCHS_STANDARD_INCLUDING_64_BIT)";
				BUNDLE_LOADER = "$(BUILT_PRODUCTS_DIR)/ToDoneIt.app/ToDoneIt";
				FRAMEWORK_SEARCH_PATHS = (
					"$(SDKROOT)/Developer/Library/Frameworks",
					"$(inherited)",
					"$(DEVELOPER_FRAMEWORKS_DIR)",
				);
				GCC_PRECOMPILE_PREFIX_HEADER = YES;
				GCC_PREFIX_HEADER = "ToDoneIt/ToDoneIt-Prefix.pch";
				INFOPLIST_FILE = "ToDoneItTests/ToDoneItTests-Info.plist";
				PRODUCT_NAME = "$(TARGET_NAME)";
				TEST_HOST = "$(BUNDLE_LOADER)";
				WRAPPER_EXTENSION = xctest;
			};
			name = Release;
		};
/* End XCBuildConfiguration section */

/* Begin XCConfigurationList section */
		F6A9A44A1852CCE3008BE923 /* Build configuration list for PBXProject "ToDoneIt" */ = {
			isa = XCConfigurationList;
			buildConfigurations = (
				F6A9A4821852CCE6008BE923 /* Debug */,
				F6A9A4831852CCE6008BE923 /* Release */,
			);
			defaultConfigurationIsVisible = 0;
			defaultConfigurationName = Release;
		};
		F6A9A4841852CCE6008BE923 /* Build configuration list for PBXNativeTarget "ToDoneIt" */ = {
			isa = XCConfigurationList;
			buildConfigurations = (
				F6A9A4851852CCE6008BE923 /* Debug */,
				F6A9A4861852CCE6008BE923 /* Release */,
			);
			defaultConfigurationIsVisible = 0;
			defaultConfigurationName = Release;
		};
		F6A9A4871852CCE6008BE923 /* Build configuration list for PBXNativeTarget "ToDoneItTests" */ = {
			isa = XCConfigurationList;
			buildConfigurations = (
				F6A9A4881852CCE6008BE923 /* Debug */,
				F6A9A4891852CCE6008BE923 /* Release */,
			);
			defaultConfigurationIsVisible = 0;
			defaultConfigurationName = Release;
		};
/* End XCConfigurationList section */
	};
	rootObject = F6A9A4471852CCE3008BE923 /* Project object */;
}
